// !$*UTF8*$!
{
	archiveVersion = 1;
	classes = {
	};
	objectVersion = 46;
	objects = {

/* Begin PBXBuildFile section */
		921B79B619D8752200723D9C /* main.m in Sources */ = {isa = PBXBuildFile; fileRef = 921B79B519D8752200723D9C /* main.m */; };
		921B79B919D8752200723D9C /* AppDelegate.m in Sources */ = {isa = PBXBuildFile; fileRef = 921B79B819D8752200723D9C /* AppDelegate.m */; };
		921B79BC19D8752200723D9C /* FirstViewController.m in Sources */ = {isa = PBXBuildFile; fileRef = 921B79BB19D8752200723D9C /* FirstViewController.m */; };
		921B79BF19D8752200723D9C /* SecondViewController.m in Sources */ = {isa = PBXBuildFile; fileRef = 921B79BE19D8752200723D9C /* SecondViewController.m */; };
		921B79C219D8752200723D9C /* Main.storyboard in Resources */ = {isa = PBXBuildFile; fileRef = 921B79C019D8752200723D9C /* Main.storyboard */; };
		921B79C419D8752200723D9C /* Images.xcassets in Resources */ = {isa = PBXBuildFile; fileRef = 921B79C319D8752200723D9C /* Images.xcassets */; };
		921B79C719D8752200723D9C /* LaunchScreen.xib in Resources */ = {isa = PBXBuildFile; fileRef = 921B79C519D8752200723D9C /* LaunchScreen.xib */; };
		921B79D319D8752200723D9C /* Kawaii_KeyboardTests.m in Sources */ = {isa = PBXBuildFile; fileRef = 921B79D219D8752200723D9C /* Kawaii_KeyboardTests.m */; };
		921B79E619D8874300723D9C /* KeyboardViewController.m in Sources */ = {isa = PBXBuildFile; fileRef = 921B79E519D8874300723D9C /* KeyboardViewController.m */; };
		921B79E919D8874300723D9C /* Kawaii Key.appex in Embed App Extensions */ = {isa = PBXBuildFile; fileRef = 921B79E019D8874300723D9C /* Kawaii Key.appex */; settings = {ATTRIBUTES = (RemoveHeadersOnCopy, ); }; };
		92D0D04C19E50557004A98C4 /* KeyboardViewController.xib in Resources */ = {isa = PBXBuildFile; fileRef = 92D0D04B19E50557004A98C4 /* KeyboardViewController.xib */; };
		92D0D04E19E78C28004A98C4 /* emojiDict.plist in Resources */ = {isa = PBXBuildFile; fileRef = 92D0D04D19E78C28004A98C4 /* emojiDict.plist */; };
		92D0D04F19E7A26C004A98C4 /* Images.xcassets in Resources */ = {isa = PBXBuildFile; fileRef = 921B79C319D8752200723D9C /* Images.xcassets */; };
		92D0D05219E7A58D004A98C4 /* KeyboardPreference.m in Sources */ = {isa = PBXBuildFile; fileRef = 92D0D05119E7A58D004A98C4 /* KeyboardPreference.m */; };
/* End PBXBuildFile section */

/* Begin PBXContainerItemProxy section */
		921B79CD19D8752200723D9C /* PBXContainerItemProxy */ = {
			isa = PBXContainerItemProxy;
			containerPortal = 921B79A819D8752200723D9C /* Project object */;
			proxyType = 1;
			remoteGlobalIDString = 921B79AF19D8752200723D9C;
			remoteInfo = "Kawaii Keyboard";
		};
		921B79E719D8874300723D9C /* PBXContainerItemProxy */ = {
			isa = PBXContainerItemProxy;
			containerPortal = 921B79A819D8752200723D9C /* Project object */;
			proxyType = 1;
			remoteGlobalIDString = 921B79DF19D8874300723D9C;
			remoteInfo = "Kawaii Key";
		};
		921B79EA19D8874300723D9C /* PBXContainerItemProxy */ = {
			isa = PBXContainerItemProxy;
			containerPortal = 921B79A819D8752200723D9C /* Project object */;
			proxyType = 1;
			remoteGlobalIDString = 921B79DF19D8874300723D9C;
			remoteInfo = "Kawaii Key";
		};
/* End PBXContainerItemProxy section */

/* Begin PBXCopyFilesBuildPhase section */
		921B79EF19D8874300723D9C /* Embed App Extensions */ = {
			isa = PBXCopyFilesBuildPhase;
			buildActionMask = 2147483647;
			dstPath = "";
			dstSubfolderSpec = 13;
			files = (
				921B79E919D8874300723D9C /* Kawaii Key.appex in Embed App Extensions */,
			);
			name = "Embed App Extensions";
			runOnlyForDeploymentPostprocessing = 0;
		};
/* End PBXCopyFilesBuildPhase section */

/* Begin PBXFileReference section */
		921B79B019D8752200723D9C /* Kawaii Keyboard.app */ = {isa = PBXFileReference; explicitFileType = wrapper.application; includeInIndex = 0; path = "Kawaii Keyboard.app"; sourceTree = BUILT_PRODUCTS_DIR; };
		921B79B419D8752200723D9C /* Info.plist */ = {isa = PBXFileReference; lastKnownFileType = text.plist.xml; path = Info.plist; sourceTree = "<group>"; };
		921B79B519D8752200723D9C /* main.m */ = {isa = PBXFileReference; lastKnownFileType = sourcecode.c.objc; path = main.m; sourceTree = "<group>"; };
		921B79B719D8752200723D9C /* AppDelegate.h */ = {isa = PBXFileReference; lastKnownFileType = sourcecode.c.h; path = AppDelegate.h; sourceTree = "<group>"; };
		921B79B819D8752200723D9C /* AppDelegate.m */ = {isa = PBXFileReference; lastKnownFileType = sourcecode.c.objc; path = AppDelegate.m; sourceTree = "<group>"; };
		921B79BA19D8752200723D9C /* FirstViewController.h */ = {isa = PBXFileReference; lastKnownFileType = sourcecode.c.h; path = FirstViewController.h; sourceTree = "<group>"; };
		921B79BB19D8752200723D9C /* FirstViewController.m */ = {isa = PBXFileReference; lastKnownFileType = sourcecode.c.objc; path = FirstViewController.m; sourceTree = "<group>"; };
		921B79BD19D8752200723D9C /* SecondViewController.h */ = {isa = PBXFileReference; lastKnownFileType = sourcecode.c.h; path = SecondViewController.h; sourceTree = "<group>"; };
		921B79BE19D8752200723D9C /* SecondViewController.m */ = {isa = PBXFileReference; lastKnownFileType = sourcecode.c.objc; path = SecondViewController.m; sourceTree = "<group>"; };
		921B79C119D8752200723D9C /* Base */ = {isa = PBXFileReference; lastKnownFileType = file.storyboard; name = Base; path = Base.lproj/Main.storyboard; sourceTree = "<group>"; };
		921B79C319D8752200723D9C /* Images.xcassets */ = {isa = PBXFileReference; lastKnownFileType = folder.assetcatalog; path = Images.xcassets; sourceTree = "<group>"; };
		921B79C619D8752200723D9C /* Base */ = {isa = PBXFileReference; lastKnownFileType = file.xib; name = Base; path = Base.lproj/LaunchScreen.xib; sourceTree = "<group>"; };
		921B79CC19D8752200723D9C /* Kawaii KeyboardTests.xctest */ = {isa = PBXFileReference; explicitFileType = wrapper.cfbundle; includeInIndex = 0; path = "Kawaii KeyboardTests.xctest"; sourceTree = BUILT_PRODUCTS_DIR; };
		921B79D119D8752200723D9C /* Info.plist */ = {isa = PBXFileReference; lastKnownFileType = text.plist.xml; path = Info.plist; sourceTree = "<group>"; };
		921B79D219D8752200723D9C /* Kawaii_KeyboardTests.m */ = {isa = PBXFileReference; lastKnownFileType = sourcecode.c.objc; path = Kawaii_KeyboardTests.m; sourceTree = "<group>"; };
		921B79E019D8874300723D9C /* Kawaii Key.appex */ = {isa = PBXFileReference; explicitFileType = "wrapper.app-extension"; includeInIndex = 0; path = "Kawaii Key.appex"; sourceTree = BUILT_PRODUCTS_DIR; };
		921B79E319D8874300723D9C /* Info.plist */ = {isa = PBXFileReference; lastKnownFileType = text.plist.xml; path = Info.plist; sourceTree = "<group>"; };
		921B79E419D8874300723D9C /* KeyboardViewController.h */ = {isa = PBXFileReference; lastKnownFileType = sourcecode.c.h; path = KeyboardViewController.h; sourceTree = "<group>"; };
		921B79E519D8874300723D9C /* KeyboardViewController.m */ = {isa = PBXFileReference; lastKnownFileType = sourcecode.c.objc; path = KeyboardViewController.m; sourceTree = "<group>"; };
		92D0D04B19E50557004A98C4 /* KeyboardViewController.xib */ = {isa = PBXFileReference; fileEncoding = 4; lastKnownFileType = file.xib; path = KeyboardViewController.xib; sourceTree = "<group>"; };
		92D0D04D19E78C28004A98C4 /* emojiDict.plist */ = {isa = PBXFileReference; fileEncoding = 4; lastKnownFileType = text.plist.xml; path = emojiDict.plist; sourceTree = "<group>"; };
		92D0D05019E7A58D004A98C4 /* KeyboardPreference.h */ = {isa = PBXFileReference; fileEncoding = 4; lastKnownFileType = sourcecode.c.h; path = KeyboardPreference.h; sourceTree = "<group>"; };
		92D0D05119E7A58D004A98C4 /* KeyboardPreference.m */ = {isa = PBXFileReference; fileEncoding = 4; lastKnownFileType = sourcecode.c.objc; path = KeyboardPreference.m; sourceTree = "<group>"; };
/* End PBXFileReference section */

/* Begin PBXFrameworksBuildPhase section */
		921B79AD19D8752200723D9C /* Frameworks */ = {
			isa = PBXFrameworksBuildPhase;
			buildActionMask = 2147483647;
			files = (
			);
			runOnlyForDeploymentPostprocessing = 0;
		};
		921B79C919D8752200723D9C /* Frameworks */ = {
			isa = PBXFrameworksBuildPhase;
			buildActionMask = 2147483647;
			files = (
			);
			runOnlyForDeploymentPostprocessing = 0;
		};
		921B79DD19D8874300723D9C /* Frameworks */ = {
			isa = PBXFrameworksBuildPhase;
			buildActionMask = 2147483647;
			files = (
			);
			runOnlyForDeploymentPostprocessing = 0;
		};
/* End PBXFrameworksBuildPhase section */

/* Begin PBXGroup section */
		921B79A719D8752200723D9C = {
			isa = PBXGroup;
			children = (
				921B79B219D8752200723D9C /* Kawaii Keyboard */,
				921B79CF19D8752200723D9C /* Kawaii KeyboardTests */,
				921B79E119D8874300723D9C /* Kawaii Key */,
				921B79B119D8752200723D9C /* Products */,
			);
			sourceTree = "<group>";
		};
		921B79B119D8752200723D9C /* Products */ = {
			isa = PBXGroup;
			children = (
				921B79B019D8752200723D9C /* Kawaii Keyboard.app */,
				921B79CC19D8752200723D9C /* Kawaii KeyboardTests.xctest */,
				921B79E019D8874300723D9C /* Kawaii Key.appex */,
			);
			name = Products;
			sourceTree = "<group>";
		};
		921B79B219D8752200723D9C /* Kawaii Keyboard */ = {
			isa = PBXGroup;
			children = (
				921B79B719D8752200723D9C /* AppDelegate.h */,
				921B79B819D8752200723D9C /* AppDelegate.m */,
				921B79BA19D8752200723D9C /* FirstViewController.h */,
				921B79BB19D8752200723D9C /* FirstViewController.m */,
				921B79BD19D8752200723D9C /* SecondViewController.h */,
				921B79BE19D8752200723D9C /* SecondViewController.m */,
				921B79C019D8752200723D9C /* Main.storyboard */,
				921B79C319D8752200723D9C /* Images.xcassets */,
				921B79C519D8752200723D9C /* LaunchScreen.xib */,
				921B79B319D8752200723D9C /* Supporting Files */,
			);
			path = "Kawaii Keyboard";
			sourceTree = "<group>";
		};
		921B79B319D8752200723D9C /* Supporting Files */ = {
			isa = PBXGroup;
			children = (
				921B79B419D8752200723D9C /* Info.plist */,
				921B79B519D8752200723D9C /* main.m */,
			);
			name = "Supporting Files";
			sourceTree = "<group>";
		};
		921B79CF19D8752200723D9C /* Kawaii KeyboardTests */ = {
			isa = PBXGroup;
			children = (
				921B79D219D8752200723D9C /* Kawaii_KeyboardTests.m */,
				921B79D019D8752200723D9C /* Supporting Files */,
			);
			path = "Kawaii KeyboardTests";
			sourceTree = "<group>";
		};
		921B79D019D8752200723D9C /* Supporting Files */ = {
			isa = PBXGroup;
			children = (
				921B79D119D8752200723D9C /* Info.plist */,
			);
			name = "Supporting Files";
			sourceTree = "<group>";
		};
		921B79E119D8874300723D9C /* Kawaii Key */ = {
			isa = PBXGroup;
			children = (
				92D0D04B19E50557004A98C4 /* KeyboardViewController.xib */,
				921B79E419D8874300723D9C /* KeyboardViewController.h */,
				921B79E519D8874300723D9C /* KeyboardViewController.m */,
				92D0D05019E7A58D004A98C4 /* KeyboardPreference.h */,
				92D0D05119E7A58D004A98C4 /* KeyboardPreference.m */,
				92D0D04D19E78C28004A98C4 /* emojiDict.plist */,
				921B79E219D8874300723D9C /* Supporting Files */,
			);
			path = "Kawaii Key";
			sourceTree = "<group>";
		};
		921B79E219D8874300723D9C /* Supporting Files */ = {
			isa = PBXGroup;
			children = (
				921B79E319D8874300723D9C /* Info.plist */,
			);
			name = "Supporting Files";
			sourceTree = "<group>";
		};
/* End PBXGroup section */

/* Begin PBXNativeTarget section */
		921B79AF19D8752200723D9C /* Kawaii Keyboard */ = {
			isa = PBXNativeTarget;
			buildConfigurationList = 921B79D619D8752200723D9C /* Build configuration list for PBXNativeTarget "Kawaii Keyboard" */;
			buildPhases = (
				921B79AC19D8752200723D9C /* Sources */,
				921B79AD19D8752200723D9C /* Frameworks */,
				921B79AE19D8752200723D9C /* Resources */,
				921B79EF19D8874300723D9C /* Embed App Extensions */,
			);
			buildRules = (
			);
			dependencies = (
				921B79E819D8874300723D9C /* PBXTargetDependency */,
				921B79EB19D8874300723D9C /* PBXTargetDependency */,
			);
			name = "Kawaii Keyboard";
			productName = "Kawaii Keyboard";
			productReference = 921B79B019D8752200723D9C /* Kawaii Keyboard.app */;
			productType = "com.apple.product-type.application";
		};
		921B79CB19D8752200723D9C /* Kawaii KeyboardTests */ = {
			isa = PBXNativeTarget;
			buildConfigurationList = 921B79D919D8752200723D9C /* Build configuration list for PBXNativeTarget "Kawaii KeyboardTests" */;
			buildPhases = (
				921B79C819D8752200723D9C /* Sources */,
				921B79C919D8752200723D9C /* Frameworks */,
				921B79CA19D8752200723D9C /* Resources */,
			);
			buildRules = (
			);
			dependencies = (
				921B79CE19D8752200723D9C /* PBXTargetDependency */,
			);
			name = "Kawaii KeyboardTests";
			productName = "Kawaii KeyboardTests";
			productReference = 921B79CC19D8752200723D9C /* Kawaii KeyboardTests.xctest */;
			productType = "com.apple.product-type.bundle.unit-test";
		};
		921B79DF19D8874300723D9C /* Kawaii Key */ = {
			isa = PBXNativeTarget;
			buildConfigurationList = 921B79EC19D8874300723D9C /* Build configuration list for PBXNativeTarget "Kawaii Key" */;
			buildPhases = (
				921B79DC19D8874300723D9C /* Sources */,
				921B79DD19D8874300723D9C /* Frameworks */,
				921B79DE19D8874300723D9C /* Resources */,
			);
			buildRules = (
			);
			dependencies = (
			);
			name = "Kawaii Key";
			productName = "Kawaii Key";
			productReference = 921B79E019D8874300723D9C /* Kawaii Key.appex */;
			productType = "com.apple.product-type.app-extension";
		};
/* End PBXNativeTarget section */

/* Begin PBXProject section */
		921B79A819D8752200723D9C /* Project object */ = {
			isa = PBXProject;
			attributes = {
				LastUpgradeCheck = 0600;
				ORGANIZATIONNAME = Banana;
				TargetAttributes = {
					921B79AF19D8752200723D9C = {
						CreatedOnToolsVersion = 6.0.1;
						DevelopmentTeam = MSX823SQP6;
					};
					921B79CB19D8752200723D9C = {
						CreatedOnToolsVersion = 6.0.1;
						TestTargetID = 921B79AF19D8752200723D9C;
					};
					921B79DF19D8874300723D9C = {
						CreatedOnToolsVersion = 6.0.1;
						DevelopmentTeam = MSX823SQP6;
					};
				};
			};
			buildConfigurationList = 921B79AB19D8752200723D9C /* Build configuration list for PBXProject "Kawaii Keyboard" */;
			compatibilityVersion = "Xcode 3.2";
			developmentRegion = English;
			hasScannedForEncodings = 0;
			knownRegions = (
				en,
				Base,
			);
			mainGroup = 921B79A719D8752200723D9C;
			productRefGroup = 921B79B119D8752200723D9C /* Products */;
			projectDirPath = "";
			projectRoot = "";
			targets = (
				921B79AF19D8752200723D9C /* Kawaii Keyboard */,
				921B79CB19D8752200723D9C /* Kawaii KeyboardTests */,
				921B79DF19D8874300723D9C /* Kawaii Key */,
			);
		};
/* End PBXProject section */

/* Begin PBXResourcesBuildPhase section */
		921B79AE19D8752200723D9C /* Resources */ = {
			isa = PBXResourcesBuildPhase;
			buildActionMask = 2147483647;
			files = (
				921B79C219D8752200723D9C /* Main.storyboard in Resources */,
				921B79C719D8752200723D9C /* LaunchScreen.xib in Resources */,
				921B79C419D8752200723D9C /* Images.xcassets in Resources */,
			);
			runOnlyForDeploymentPostprocessing = 0;
		};
		921B79CA19D8752200723D9C /* Resources */ = {
			isa = PBXResourcesBuildPhase;
			buildActionMask = 2147483647;
			files = (
			);
			runOnlyForDeploymentPostprocessing = 0;
		};
		921B79DE19D8874300723D9C /* Resources */ = {
			isa = PBXResourcesBuildPhase;
			buildActionMask = 2147483647;
			files = (
				92D0D04F19E7A26C004A98C4 /* Images.xcassets in Resources */,
				92D0D04C19E50557004A98C4 /* KeyboardViewController.xib in Resources */,
				92D0D04E19E78C28004A98C4 /* emojiDict.plist in Resources */,
			);
			runOnlyForDeploymentPostprocessing = 0;
		};
/* End PBXResourcesBuildPhase section */

/* Begin PBXSourcesBuildPhase section */
		921B79AC19D8752200723D9C /* Sources */ = {
			isa = PBXSourcesBuildPhase;
			buildActionMask = 2147483647;
			files = (
				921B79BF19D8752200723D9C /* SecondViewController.m in Sources */,
				921B79B919D8752200723D9C /* AppDelegate.m in Sources */,
				921B79BC19D8752200723D9C /* FirstViewController.m in Sources */,
				921B79B619D8752200723D9C /* main.m in Sources */,
			);
			runOnlyForDeploymentPostprocessing = 0;
		};
		921B79C819D8752200723D9C /* Sources */ = {
			isa = PBXSourcesBuildPhase;
			buildActionMask = 2147483647;
			files = (
				921B79D319D8752200723D9C /* Kawaii_KeyboardTests.m in Sources */,
			);
			runOnlyForDeploymentPostprocessing = 0;
		};
		921B79DC19D8874300723D9C /* Sources */ = {
			isa = PBXSourcesBuildPhase;
			buildActionMask = 2147483647;
			files = (
				921B79E619D8874300723D9C /* KeyboardViewController.m in Sources */,
				92D0D05219E7A58D004A98C4 /* KeyboardPreference.m in Sources */,
			);
			runOnlyForDeploymentPostprocessing = 0;
		};
/* End PBXSourcesBuildPhase section */

/* Begin PBXTargetDependency section */
		921B79CE19D8752200723D9C /* PBXTargetDependency */ = {
			isa = PBXTargetDependency;
			target = 921B79AF19D8752200723D9C /* Kawaii Keyboard */;
			targetProxy = 921B79CD19D8752200723D9C /* PBXContainerItemProxy */;
		};
		921B79E819D8874300723D9C /* PBXTargetDependency */ = {
			isa = PBXTargetDependency;
			target = 921B79DF19D8874300723D9C /* Kawaii Key */;
			targetProxy = 921B79E719D8874300723D9C /* PBXContainerItemProxy */;
		};
		921B79EB19D8874300723D9C /* PBXTargetDependency */ = {
			isa = PBXTargetDependency;
			target = 921B79DF19D8874300723D9C /* Kawaii Key */;
			targetProxy = 921B79EA19D8874300723D9C /* PBXContainerItemProxy */;
		};
/* End PBXTargetDependency section */

/* Begin PBXVariantGroup section */
		921B79C019D8752200723D9C /* Main.storyboard */ = {
			isa = PBXVariantGroup;
			children = (
				921B79C119D8752200723D9C /* Base */,
			);
			name = Main.storyboard;
			sourceTree = "<group>";
		};
		921B79C519D8752200723D9C /* LaunchScreen.xib */ = {
			isa = PBXVariantGroup;
			children = (
				921B79C619D8752200723D9C /* Base */,
			);
			name = LaunchScreen.xib;
			sourceTree = "<group>";
		};
/* End PBXVariantGroup section */

/* Begin XCBuildConfiguration section */
		921B79D419D8752200723D9C /* Debug */ = {
			isa = XCBuildConfiguration;
			buildSettings = {
				ALWAYS_SEARCH_USER_PATHS = NO;
				CLANG_CXX_LANGUAGE_STANDARD = "gnu++0x";
				CLANG_CXX_LIBRARY = "libc++";
				CLANG_ENABLE_MODULES = YES;
				CLANG_ENABLE_OBJC_ARC = YES;
				CLANG_WARN_BOOL_CONVERSION = YES;
				CLANG_WARN_CONSTANT_CONVERSION = YES;
				CLANG_WARN_DIRECT_OBJC_ISA_USAGE = YES_ERROR;
				CLANG_WARN_EMPTY_BODY = YES;
				CLANG_WARN_ENUM_CONVERSION = YES;
				CLANG_WARN_INT_CONVERSION = YES;
				CLANG_WARN_OBJC_ROOT_CLASS = YES_ERROR;
				CLANG_WARN_UNREACHABLE_CODE = YES;
				CLANG_WARN__DUPLICATE_METHOD_MATCH = YES;
				"CODE_SIGN_IDENTITY[sdk=iphoneos*]" = "iPhone Developer";
				COPY_PHASE_STRIP = NO;
				ENABLE_STRICT_OBJC_MSGSEND = YES;
				GCC_C_LANGUAGE_STANDARD = gnu99;
				GCC_DYNAMIC_NO_PIC = NO;
				GCC_OPTIMIZATION_LEVEL = 0;
				GCC_PREPROCESSOR_DEFINITIONS = (
					"DEBUG=1",
					"$(inherited)",
				);
				GCC_SYMBOLS_PRIVATE_EXTERN = NO;
				GCC_WARN_64_TO_32_BIT_CONVERSION = YES;
				GCC_WARN_ABOUT_RETURN_TYPE = YES_ERROR;
				GCC_WARN_UNDECLARED_SELECTOR = YES;
				GCC_WARN_UNINITIALIZED_AUTOS = YES_AGGRESSIVE;
				GCC_WARN_UNUSED_FUNCTION = YES;
				GCC_WARN_UNUSED_VARIABLE = YES;
				IPHONEOS_DEPLOYMENT_TARGET = 8.0;
				MTL_ENABLE_DEBUG_INFO = YES;
				ONLY_ACTIVE_ARCH = YES;
				SDKROOT = iphoneos;
				TARGETED_DEVICE_FAMILY = "1,2";
			};
			name = Debug;
		};
		921B79D519D8752200723D9C /* Release */ = {
			isa = XCBuildConfiguration;
			buildSettings = {
				ALWAYS_SEARCH_USER_PATHS = NO;
				CLANG_CXX_LANGUAGE_STANDARD = "gnu++0x";
				CLANG_CXX_LIBRARY = "libc++";
				CLANG_ENABLE_MODULES = YES;
				CLANG_ENABLE_OBJC_ARC = YES;
				CLANG_WARN_BOOL_CONVERSION = YES;
				CLANG_WARN_CONSTANT_CONVERSION = YES;
				CLANG_WARN_DIRECT_OBJC_ISA_USAGE = YES_ERROR;
				CLANG_WARN_EMPTY_BODY = YES;
				CLANG_WARN_ENUM_CONVERSION = YES;
				CLANG_WARN_INT_CONVERSION = YES;
				CLANG_WARN_OBJC_ROOT_CLASS = YES_ERROR;
				CLANG_WARN_UNREACHABLE_CODE = YES;
				CLANG_WARN__DUPLICATE_METHOD_MATCH = YES;
				"CODE_SIGN_IDENTITY[sdk=iphoneos*]" = "iPhone Developer";
				COPY_PHASE_STRIP = YES;
				ENABLE_NS_ASSERTIONS = NO;
				ENABLE_STRICT_OBJC_MSGSEND = YES;
				GCC_C_LANGUAGE_STANDARD = gnu99;
				GCC_WARN_64_TO_32_BIT_CONVERSION = YES;
				GCC_WARN_ABOUT_RETURN_TYPE = YES_ERROR;
				GCC_WARN_UNDECLARED_SELECTOR = YES;
				GCC_WARN_UNINITIALIZED_AUTOS = YES_AGGRESSIVE;
				GCC_WARN_UNUSED_FUNCTION = YES;
				GCC_WARN_UNUSED_VARIABLE = YES;
				IPHONEOS_DEPLOYMENT_TARGET = 8.0;
				MTL_ENABLE_DEBUG_INFO = NO;
				SDKROOT = iphoneos;
				TARGETED_DEVICE_FAMILY = "1,2";
				VALIDATE_PRODUCT = YES;
			};
			name = Release;
		};
		921B79D719D8752200723D9C /* Debug */ = {
			isa = XCBuildConfiguration;
			buildSettings = {
				ASSETCATALOG_COMPILER_APPICON_NAME = AppIcon;
				INFOPLIST_FILE = "Kawaii Keyboard/Info.plist";
				LD_RUNPATH_SEARCH_PATHS = "$(inherited) @executable_path/Frameworks";
				PRODUCT_NAME = "$(TARGET_NAME)";
			};
			name = Debug;
		};
		921B79D819D8752200723D9C /* Release */ = {
			isa = XCBuildConfiguration;
			buildSettings = {
				ASSETCATALOG_COMPILER_APPICON_NAME = AppIcon;
				INFOPLIST_FILE = "Kawaii Keyboard/Info.plist";
				LD_RUNPATH_SEARCH_PATHS = "$(inherited) @executable_path/Frameworks";
				PRODUCT_NAME = "$(TARGET_NAME)";
			};
			name = Release;
		};
		921B79DA19D8752200723D9C /* Debug */ = {
			isa = XCBuildConfiguration;
			buildSettings = {
				BUNDLE_LOADER = "$(TEST_HOST)";
				FRAMEWORK_SEARCH_PATHS = (
					"$(SDKROOT)/Developer/Library/Frameworks",
					"$(inherited)",
				);
				GCC_PREPROCESSOR_DEFINITIONS = (
					"DEBUG=1",
					"$(inherited)",
				);
				INFOPLIST_FILE = "Kawaii KeyboardTests/Info.plist";
				LD_RUNPATH_SEARCH_PATHS = "$(inherited) @executable_path/Frameworks @loader_path/Frameworks";
				PRODUCT_NAME = "$(TARGET_NAME)";
				TEST_HOST = "$(BUILT_PRODUCTS_DIR)/Kawaii Keyboard.app/Kawaii Keyboard";
			};
			name = Debug;
		};
		921B79DB19D8752200723D9C /* Release */ = {
			isa = XCBuildConfiguration;
			buildSettings = {
				BUNDLE_LOADER = "$(TEST_HOST)";
				FRAMEWORK_SEARCH_PATHS = (
					"$(SDKROOT)/Developer/Library/Frameworks",
					"$(inherited)",
				);
				INFOPLIST_FILE = "Kawaii KeyboardTests/Info.plist";
				LD_RUNPATH_SEARCH_PATHS = "$(inherited) @executable_path/Frameworks @loader_path/Frameworks";
				PRODUCT_NAME = "$(TARGET_NAME)";
				TEST_HOST = "$(BUILT_PRODUCTS_DIR)/Kawaii Keyboard.app/Kawaii Keyboard";
			};
			name = Release;
		};
		921B79ED19D8874300723D9C /* Debug */ = {
			isa = XCBuildConfiguration;
			buildSettings = {
				CODE_SIGN_IDENTITY = "iPhone Developer";
				GCC_PREPROCESSOR_DEFINITIONS = (
					"DEBUG=1",
					"$(inherited)",
				);
				INFOPLIST_FILE = "Kawaii Key/Info.plist";
				LD_RUNPATH_SEARCH_PATHS = "$(inherited) @executable_path/Frameworks @executable_path/../../Frameworks";
				PRODUCT_NAME = "$(TARGET_NAME)";
				SKIP_INSTALL = YES;
			};
			name = Debug;
		};
		921B79EE19D8874300723D9C /* Release */ = {
			isa = XCBuildConfiguration;
			buildSettings = {
				CODE_SIGN_IDENTITY = "iPhone Developer";
				INFOPLIST_FILE = "Kawaii Key/Info.plist";
				LD_RUNPATH_SEARCH_PATHS = "$(inherited) @executable_path/Frameworks @executable_path/../../Frameworks";
				PRODUCT_NAME = "$(TARGET_NAME)";
				SKIP_INSTALL = YES;
			};
			name = Release;
		};
/* End XCBuildConfiguration section */

/* Begin XCConfigurationList section */
		921B79AB19D8752200723D9C /* Build configuration list for PBXProject "Kawaii Keyboard" */ = {
			isa = XCConfigurationList;
			buildConfigurations = (
				921B79D419D8752200723D9C /* Debug */,
				921B79D519D8752200723D9C /* Release */,
			);
			defaultConfigurationIsVisible = 0;
			defaultConfigurationName = Release;
		};
		921B79D619D8752200723D9C /* Build configuration list for PBXNativeTarget "Kawaii Keyboard" */ = {
			isa = XCConfigurationList;
			buildConfigurations = (
				921B79D719D8752200723D9C /* Debug */,
				921B79D819D8752200723D9C /* Release */,
			);
			defaultConfigurationIsVisible = 0;
			defaultConfigurationName = Release;
		};
		921B79D919D8752200723D9C /* Build configuration list for PBXNativeTarget "Kawaii KeyboardTests" */ = {
			isa = XCConfigurationList;
			buildConfigurations = (
				921B79DA19D8752200723D9C /* Debug */,
				921B79DB19D8752200723D9C /* Release */,
			);
			defaultConfigurationIsVisible = 0;
			defaultConfigurationName = Release;
		};
		921B79EC19D8874300723D9C /* Build configuration list for PBXNativeTarget "Kawaii Key" */ = {
			isa = XCConfigurationList;
			buildConfigurations = (
				921B79ED19D8874300723D9C /* Debug */,
				921B79EE19D8874300723D9C /* Release */,
			);
			defaultConfigurationIsVisible = 0;
			defaultConfigurationName = Release;
		};
/* End XCConfigurationList section */
	};
	rootObject = 921B79A819D8752200723D9C /* Project object */;
}
